%{
  "amqp": {:hex, :amqp, "2.0.0", "0ef8a13987f2063a48b4f6aeb2c7503d8e1031b3ccf2ee0d3b9771249c562fab", [:mix], [{:amqp_client, "~> 3.8.0", [hex: :amqp_client, repo: "hexpm", optional: false]}], "hexpm", "7033e663ddb919b19482d9bd3d69d9042696f87f998a39cc5b4a2c79eccb39f7"},
  "amqp_client": {:hex, :amqp_client, "3.8.11", "faeb8e872f801b3e8ef5def1efd71ff755123a2417d1dcfd0ab0ff220a80279a", [:make, :rebar3], [{:rabbit_common, "3.8.11", [hex: :rabbit_common, repo: "hexpm", optional: false]}], "hexpm", "294c8a85e45da643d1e0abad2bfa86b175ec5b20bb55b6cb641f7e8f1c7dc32e"},
  "avrora": {:hex, :avrora, "0.17.0", "fe4cc3e271ce0939be84092c847dea7bce1df680332477e8b6157a0409fa0e7b", [:mix], [{:erlavro, "~> 2.9.3", [hex: :erlavro, repo: "hexpm", optional: false]}, {:jason, "~> 1.0", [hex: :jason, repo: "hexpm", optional: false]}], "hexpm", "b9cf8a43a88335bf94375b2b88566e8a366f2ae36973572d2e751b35109400cc"},
  "credentials_obfuscation": {:hex, :credentials_obfuscation, "2.3.0", "8631d941b25bc0a6681f635d3d26dd5365f935fcc2d328d64c77ea611b5dd932", [:rebar3], [], "hexpm", "9f8f05d0ad8a9d7417c30d6fb4b407f1de3d0b795ce68445da07d77837056d03"},
  "erlavro": {:hex, :erlavro, "2.9.3", "673fd6c131cc39de36858648efd544e7958c5aea8ba18e278fc682502aae39e2", [:make, :rebar, :rebar3], [{:jsone, "1.4.6", [hex: :jsone, repo: "hexpm", optional: false]}], "hexpm", "4b02a8ddfa4ef84a23c0d216cfb60c54b6a7f0d1040ac9c92dff3f6485a7fb9f"},
  "goldrush": {:hex, :goldrush, "0.1.9", "f06e5d5f1277da5c413e84d5a2924174182fb108dabb39d5ec548b27424cd106", [:rebar3], [], "hexpm", "99cb4128cffcb3227581e5d4d803d5413fa643f4eb96523f77d9e6937d994ceb"},
  "jason": {:hex, :jason, "1.2.2", "ba43e3f2709fd1aa1dce90aaabfd039d000469c05c56f0b8e31978e03fa39052", [:mix], [{:decimal, "~> 1.0 or ~> 2.0", [hex: :decimal, repo: "hexpm", optional: true]}], "hexpm", "18a228f5f0058ee183f29f9eae0805c6e59d61c3b006760668d8d18ff0d12179"},
  "jsone": {:hex, :jsone, "1.4.6", "644d6d57befb22c8e19b324dee19d73b1c004565009861a8f64c68b7b9e64dbf", [:rebar3], [], "hexpm", "78eee8bb38f0bee2e73673d71bc75fc6fb01f56f0d23e769a26eee3655487a38"},
  "jsx": {:hex, :jsx, "2.11.0", "08154624050333919b4ac1b789667d5f4db166dc50e190c4d778d1587f102ee0", [:rebar3], [], "hexpm", "eed26a0d04d217f9eecefffb89714452556cf90eb38f290a27a4d45b9988f8c0"},
  "lager": {:hex, :lager, "3.8.0", "3402b9a7e473680ca179fc2f1d827cab88dd37dd1e6113090c6f45ef05228a1c", [:rebar3], [{:goldrush, "0.1.9", [hex: :goldrush, repo: "hexpm", optional: false]}], "hexpm", "f6cb541b688eab60730d8d286eb77256a5a9ad06eac10d43beaf55d07e68bbb6"},
  "rabbit_common": {:hex, :rabbit_common, "3.8.11", "26d7fffe4935c8225262ffc70a3ffb5ef7daae6e32f7e0e01d39c1b67888cb58", [:make, :rebar3], [{:credentials_obfuscation, "2.3.0", [hex: :credentials_obfuscation, repo: "hexpm", optional: false]}, {:jsx, "2.11.0", [hex: :jsx, repo: "hexpm", optional: false]}, {:lager, "3.8.0", [hex: :lager, repo: "hexpm", optional: false]}, {:recon, "2.5.1", [hex: :recon, repo: "hexpm", optional: false]}], "hexpm", "5d64288496e719e5ca1b5f7a753c592f37b3476d8398f25d894d148cfe3a5e2c"},
  "recon": {:hex, :recon, "2.5.1", "430ffa60685ac1efdfb1fe4c97b8767c92d0d92e6e7c3e8621559ba77598678a", [:mix, :rebar3], [], "hexpm", "5721c6b6d50122d8f68cccac712caa1231f97894bab779eff5ff0f886cb44648"},
}
